# Pinned binary archives for `DarkArisenO3DE shader-check` (downloaded, SHA-256 verified, fail closed).
# DXC 1.8.2505.1 (tag commit b106a961d09221b3c5bdb37be45b679257da08b8) is the DirectXShaderCompiler
# release O3DE 2605.0 pins (package DirectXShaderCompilerDxc-1.8.2505.1-o3de-rev3). MIT / UIUC licensed.
dxc=https://github.com/microsoft/DirectXShaderCompiler/releases/download/v1.8.2505.1/linux_dxc_2025_07_14.x86_64.tar.gz sha256:f2213da1fc99dc8778c8823078e16ba97c7f80f86a1d4520ab1adf4b462bc48c
